<?xml version="1.0" encoding="utf-8"?>
<Project ToolsVersion="4.0" xmlns="http://schemas.microsoft.com/developer/msbuild/2003">
  <ItemGroup>
    <Filter Include="Resource Files">
      <UniqueIdentifier>{67DA6AB6-F800-4c08-8B7A-83BB121AAD01}</UniqueIdentifier>
      <Extensions>rc;ico;cur;bmp;dlg;rc2;rct;bin;rgs;gif;jpg;jpeg;jpe;resx;tiff;tif;png;wav;mfcribbon-ms</Extensions>
    </Filter>
    <Filter Include="Core">
      <UniqueIdentifier>{4FC737F1-C7A5-4376-A066-2A32D752A2FF}</UniqueIdentifier>
      <Extensions>cpp;c;cc;cxx;def;odl;idl;hpj;bat;asm;asmx</Extensions>
    </Filter>
    <Filter Include="Entities">
      <UniqueIdentifier>{423b9c07-e60d-4eb0-8d75-a7256da8c402}</UniqueIdentifier>
    </Filter>
  </ItemGroup>
  <ItemGroup>
    <ClInclude Include="Entity.hpp">
      <Filter>Entities</Filter>
    </ClInclude>
    <ClInclude Include="Sprite.hpp">
      <Filter>Entities</Filter>
    </ClInclude>
    <ClInclude Include="EngineCore.hpp">
      <Filter>Core</Filter>
    </ClInclude>
    <ClInclude Include="AnimatedSprite.hpp">
      <Filter>Entities</Filter>
    </ClInclude>
    <ClInclude Include="SimulationManager.hpp">
      <Filter>Core</Filter>
    </ClInclude>
    <ClInclude Include="Map.hpp">
      <Filter>Core</Filter>
    </ClInclude>
  </ItemGroup>
  <ItemGroup>
    <ClCompile Include="EngineCore.cpp">
      <Filter>Core</Filter>
    </ClCompile>
    <ClCompile Include="Sprite.cpp">
      <Filter>Entities</Filter>
    </ClCompile>
    <ClCompile Include="AnimatedSprite.cpp">
      <Filter>Entities</Filter>
    </ClCompile>
    <ClCompile Include="SimulationManager.cpp">
      <Filter>Core</Filter>
    </ClCompile>
    <ClCompile Include="Map.cpp">
      <Filter>Core</Filter>
    </ClCompile>
  </ItemGroup>
</Project>