<?xml version="1.0" encoding="utf-8"?>
<Project ToolsVersion="4.0" xmlns="http://schemas.microsoft.com/developer/msbuild/2003">
  <ItemGroup>
    <Filter Include="src">
      <UniqueIdentifier>{93995380-89BD-4b04-88EB-625FBE52EBFB}</UniqueIdentifier>
      <Extensions>h;hh;hpp;hxx;hm;inl;inc;ipp;xsd</Extensions>
    </Filter>
    <Filter Include="header">
      <UniqueIdentifier>{994ba835-f6d6-4c32-b070-a7970963ffe6}</UniqueIdentifier>
    </Filter>
  </ItemGroup>
  <ItemGroup>
    <ClCompile Include="GameManager.cpp">
      <Filter>src</Filter>
    </ClCompile>
    <ClCompile Include="Exception.cpp">
      <Filter>src</Filter>
    </ClCompile>
    <ClCompile Include="main.cpp">
      <Filter>src</Filter>
    </ClCompile>
    <ClCompile Include="EngineCore.cpp">
      <Filter>src</Filter>
    </ClCompile>
    <ClCompile Include="ResourceManager.cpp">
      <Filter>src</Filter>
    </ClCompile>
    <ClCompile Include="Sprite.cpp">
      <Filter>src</Filter>
    </ClCompile>
  </ItemGroup>
  <ItemGroup>
    <ClInclude Include="GameManager.hpp">
      <Filter>header</Filter>
    </ClInclude>
    <ClInclude Include="Exception.hpp">
      <Filter>header</Filter>
    </ClInclude>
    <ClInclude Include="Vec2.hpp">
      <Filter>header</Filter>
    </ClInclude>
    <ClInclude Include="Settings.hpp">
      <Filter>header</Filter>
    </ClInclude>
    <ClInclude Include="EngineCore.hpp">
      <Filter>header</Filter>
    </ClInclude>
    <ClInclude Include="ResourceManager.hpp">
      <Filter>header</Filter>
    </ClInclude>
    <ClInclude Include="Entity.hpp">
      <Filter>header</Filter>
    </ClInclude>
    <ClInclude Include="Sprite.hpp">
      <Filter>header</Filter>
    </ClInclude>
  </ItemGroup>
  <ItemGroup>
    <None Include="..\.gitignore" />
    <None Include="..\LICENSE" />
    <None Include="..\README.md" />
  </ItemGroup>
</Project>